PODS:
  - Braintree/Apple-Pay (4.35.0):
    - Braintree/Core
  - Braintree/Card (4.35.0):
    - Braintree/Core
  - Braintree/Core (4.35.0)
  - Braintree/PaymentFlow (4.35.0):
    - Braintree/Card
    - Braintree/Core
    - Braintree/PayPalOneTouch
  - Braintree/PayPal (4.35.0):
    - Braintree/Core
    - Braintree/PayPalOneTouch
  - Braintree/PayPalDataCollector (4.35.0):
    - Braintree/Core
    - Braintree/PayPalUtils
  - Braintree/PayPalOneTouch (4.35.0):
    - Braintree/Core
    - Braintree/PayPalDataCollector
    - Braintree/PayPalUtils
  - Braintree/PayPalUtils (4.35.0)
  - Braintree/Venmo (4.35.0):
    - Braintree/Core
    - Braintree/PayPalDataCollector
  - InAppSettingsKit (3.1.2)

DEPENDENCIES:
  - Braintree/Apple-Pay
  - Braintree/PaymentFlow
  - Braintree/PayPal
  - Braintree/Venmo
  - InAppSettingsKit

SPEC REPOS:
  trunk:
    - Braintree
    - InAppSettingsKit

SPEC CHECKSUMS:
  Braintree: 7ff6755ba50506e403dc03779ae68c5ccf6b9808
  InAppSettingsKit: 988142fed825524ae44dd0d93684daf8f0358b8c

PODFILE CHECKSUM: be686eb441b721382984c462ea63b48a195ef741

COCOAPODS: 1.9.3
